// !$*UTF8*$!
{
	archiveVersion = 1;
	classes = {
	};
	objectVersion = 50;
	objects = {

/* Begin PBXBuildFile section */
		4A036B4C2700900A00451518 /* Service.swift in Sources */ = {isa = PBXBuildFile; fileRef = 4A036B4B2700900A00451518 /* Service.swift */; };
		4A036B532700E7D200451518 /* Studio.swift in Sources */ = {isa = PBXBuildFile; fileRef = 4A036B522700E7D200451518 /* Studio.swift */; };
		4A036B552700E7F500451518 /* Reservation.swift in Sources */ = {isa = PBXBuildFile; fileRef = 4A036B542700E7F500451518 /* Reservation.swift */; };
		4A036B5727010A8300451518 /* IdentifiableString.swift in Sources */ = {isa = PBXBuildFile; fileRef = 4A036B5627010A8300451518 /* IdentifiableString.swift */; };
		4A036B5927010B9E00451518 /* VocalRecordingTypeView.swift in Sources */ = {isa = PBXBuildFile; fileRef = 4A036B5827010B9E00451518 /* VocalRecordingTypeView.swift */; };
		4A036B5B27010C3500451518 /* VocalRecordingType.swift in Sources */ = {isa = PBXBuildFile; fileRef = 4A036B5A27010C3500451518 /* VocalRecordingType.swift */; };
		4A036B5D27011D6D00451518 /* VocalRecordingOrderDetails.swift in Sources */ = {isa = PBXBuildFile; fileRef = 4A036B5C27011D6D00451518 /* VocalRecordingOrderDetails.swift */; };
		4A036B5F2701911100451518 /* MixingDetailsView.swift in Sources */ = {isa = PBXBuildFile; fileRef = 4A036B5E2701911100451518 /* MixingDetailsView.swift */; };
		4A036B612701917C00451518 /* MixingOrderDetails.swift in Sources */ = {isa = PBXBuildFile; fileRef = 4A036B602701917C00451518 /* MixingOrderDetails.swift */; };
		4A11985726FD10E80035ABD7 /* DayPickerView.swift in Sources */ = {isa = PBXBuildFile; fileRef = 4A11985626FD10E80035ABD7 /* DayPickerView.swift */; };
		4A11985F26FDAB030035ABD7 /* TimePickButtonStyle.swift in Sources */ = {isa = PBXBuildFile; fileRef = 4A11985E26FDAB030035ABD7 /* TimePickButtonStyle.swift */; };
		4A11986226FDB54F0035ABD7 /* TimePickerView.swift in Sources */ = {isa = PBXBuildFile; fileRef = 4A11986126FDB54F0035ABD7 /* TimePickerView.swift */; };
		4A167D2026F467900046E32D /* MusicListView.swift in Sources */ = {isa = PBXBuildFile; fileRef = 4A167D1F26F467900046E32D /* MusicListView.swift */; };
		4A167D2626F4734D0046E32D /* Song.swift in Sources */ = {isa = PBXBuildFile; fileRef = 4A167D2526F4734D0046E32D /* Song.swift */; };
		4A167D2926F473C80046E32D /* LinkinParkNumb.mp3 in Resources */ = {isa = PBXBuildFile; fileRef = 4A167D2826F473C80046E32D /* LinkinParkNumb.mp3 */; };
		4A167D7B26F5C30A0046E32D /* AudioPlayerView.swift in Sources */ = {isa = PBXBuildFile; fileRef = 4A167D7A26F5C30A0046E32D /* AudioPlayerView.swift */; };
		4A167D7D26F5C7CA0046E32D /* AudioPlayer.swift in Sources */ = {isa = PBXBuildFile; fileRef = 4A167D7C26F5C7CA0046E32D /* AudioPlayer.swift */; };
		4A2EF6FA26F9ADC600A45A0A /* ArrangementDetailsView.swift in Sources */ = {isa = PBXBuildFile; fileRef = 4A2EF6F926F9ADC600A45A0A /* ArrangementDetailsView.swift */; };
		4A2EF6FC26F9B37700A45A0A /* TextField+placeholder.swift in Sources */ = {isa = PBXBuildFile; fileRef = 4A2EF6FB26F9B37700A45A0A /* TextField+placeholder.swift */; };
		4A2EF6FF26F9B66100A45A0A /* StudioTextFieldStyle.swift in Sources */ = {isa = PBXBuildFile; fileRef = 4A2EF6FE26F9B66100A45A0A /* StudioTextFieldStyle.swift */; };
		4A2EF70126F9C10000A45A0A /* ArrangementOrderDetails.swift in Sources */ = {isa = PBXBuildFile; fileRef = 4A2EF70026F9C10000A45A0A /* ArrangementOrderDetails.swift */; };
		4A3E7CEE2704491B0086D578 /* StudioRepository.swift in Sources */ = {isa = PBXBuildFile; fileRef = 4A3E7CED2704491B0086D578 /* StudioRepository.swift */; };
		4A3E7D192704CCE60086D578 /* StudioTO.swift in Sources */ = {isa = PBXBuildFile; fileRef = 4A3E7D182704CCE60086D578 /* StudioTO.swift */; };
		4A3E7D1B2704CCF50086D578 /* AuthorTO.swift in Sources */ = {isa = PBXBuildFile; fileRef = 4A3E7D1A2704CCF50086D578 /* AuthorTO.swift */; };
		4A3E7D1D2704CCFE0086D578 /* ReservationTO.swift in Sources */ = {isa = PBXBuildFile; fileRef = 4A3E7D1C2704CCFE0086D578 /* ReservationTO.swift */; };
		4A3E7D1F2704CD100086D578 /* StudioMapper.swift in Sources */ = {isa = PBXBuildFile; fileRef = 4A3E7D1E2704CD100086D578 /* StudioMapper.swift */; };
		4A3E7D212704CD740086D578 /* ArrangementTO.swift in Sources */ = {isa = PBXBuildFile; fileRef = 4A3E7D202704CD740086D578 /* ArrangementTO.swift */; };
		4A3E7D252704CDDC0086D578 /* SongTO.swift in Sources */ = {isa = PBXBuildFile; fileRef = 4A3E7D242704CDDC0086D578 /* SongTO.swift */; };
		4A3E7D272704D2710086D578 /* ServerError.swift in Sources */ = {isa = PBXBuildFile; fileRef = 4A3E7D262704D2710086D578 /* ServerError.swift */; };
		4A3E7D2E27060F410086D578 /* DateMapper.swift in Sources */ = {isa = PBXBuildFile; fileRef = 4A3E7D2D27060F410086D578 /* DateMapper.swift */; };
		4A489F6D26FA390200B428B2 /* CalendarView.swift in Sources */ = {isa = PBXBuildFile; fileRef = 4A489F6C26FA390200B428B2 /* CalendarView.swift */; };
		4A489F7226FA50BE00B428B2 /* Date.swift in Sources */ = {isa = PBXBuildFile; fileRef = 4A489F7126FA50BE00B428B2 /* Date.swift */; };
		4A6A0F1F26FE626100BC9CCD /* AuthenticationView.swift in Sources */ = {isa = PBXBuildFile; fileRef = 4A6A0F1E26FE626100BC9CCD /* AuthenticationView.swift */; };
		4ABE816F26F3970F00CC9C60 /* bStudioApp.swift in Sources */ = {isa = PBXBuildFile; fileRef = 4ABE816E26F3970F00CC9C60 /* bStudioApp.swift */; };
		4ABE817126F3970F00CC9C60 /* ContentView.swift in Sources */ = {isa = PBXBuildFile; fileRef = 4ABE817026F3970F00CC9C60 /* ContentView.swift */; };
		4ABE817326F3970F00CC9C60 /* Assets.xcassets in Resources */ = {isa = PBXBuildFile; fileRef = 4ABE817226F3970F00CC9C60 /* Assets.xcassets */; };
		4ABE817626F3970F00CC9C60 /* Preview Assets.xcassets in Resources */ = {isa = PBXBuildFile; fileRef = 4ABE817526F3970F00CC9C60 /* Preview Assets.xcassets */; };
		4ABE817E26F3979800CC9C60 /* ServiceView.swift in Sources */ = {isa = PBXBuildFile; fileRef = 4ABE817D26F3979800CC9C60 /* ServiceView.swift */; };
		4ABE818026F39B1400CC9C60 /* UIExtensions.swift in Sources */ = {isa = PBXBuildFile; fileRef = 4ABE817F26F39B1400CC9C60 /* UIExtensions.swift */; };
		4ABE818226F39C1B00CC9C60 /* RoundedButton.swift in Sources */ = {isa = PBXBuildFile; fileRef = 4ABE818126F39C1B00CC9C60 /* RoundedButton.swift */; };
		4ABE818426F3B0D800CC9C60 /* RadioButtonPicker.swift in Sources */ = {isa = PBXBuildFile; fileRef = 4ABE818326F3B0D800CC9C60 /* RadioButtonPicker.swift */; };
		4ABE818826F3B5F900CC9C60 /* RadioButton.swift in Sources */ = {isa = PBXBuildFile; fileRef = 4ABE818726F3B5F900CC9C60 /* RadioButton.swift */; };
		4ABE819126F3C43500CC9C60 /* NavigationBarModifier.swift in Sources */ = {isa = PBXBuildFile; fileRef = 4ABE819026F3C43500CC9C60 /* NavigationBarModifier.swift */; };
		4ABE819326F3C60400CC9C60 /* ProvidedView.swift in Sources */ = {isa = PBXBuildFile; fileRef = 4ABE819226F3C60400CC9C60 /* ProvidedView.swift */; };
		4ABE819526F45B0D00CC9C60 /* AuthorListView.swift in Sources */ = {isa = PBXBuildFile; fileRef = 4ABE819426F45B0D00CC9C60 /* AuthorListView.swift */; };
		4ABE819B26F45C2A00CC9C60 /* Author.swift in Sources */ = {isa = PBXBuildFile; fileRef = 4ABE819A26F45C2A00CC9C60 /* Author.swift */; };
		4ABE819F26F45F6600CC9C60 /* ImageLoader.swift in Sources */ = {isa = PBXBuildFile; fileRef = 4ABE819D26F45F6600CC9C60 /* ImageLoader.swift */; };
		4ABE81A026F45F6600CC9C60 /* AsyncImage.swift in Sources */ = {isa = PBXBuildFile; fileRef = 4ABE819E26F45F6600CC9C60 /* AsyncImage.swift */; };
		4ABE81A226F4629000CC9C60 /* Arrangement.swift in Sources */ = {isa = PBXBuildFile; fileRef = 4ABE81A126F4629000CC9C60 /* Arrangement.swift */; };
		4AC709F726FBCC8F0031A24F /* Day.swift in Sources */ = {isa = PBXBuildFile; fileRef = 4AC709F626FBCC8F0031A24F /* Day.swift */; };
		4AC709F926FBCCD10031A24F /* CalendarViewModel.swift in Sources */ = {isa = PBXBuildFile; fileRef = 4AC709F826FBCCD10031A24F /* CalendarViewModel.swift */; };
		4AC709FB26FBCD000031A24F /* MonthMetadata.swift in Sources */ = {isa = PBXBuildFile; fileRef = 4AC709FA26FBCD000031A24F /* MonthMetadata.swift */; };
		4AC709FD26FBD8330031A24F /* Calendar.swift in Sources */ = {isa = PBXBuildFile; fileRef = 4AC709FC26FBD8330031A24F /* Calendar.swift */; };
/* End PBXBuildFile section */

/* Begin PBXFileReference section */
		4A036B4B2700900A00451518 /* Service.swift */ = {isa = PBXFileReference; lastKnownFileType = sourcecode.swift; path = Service.swift; sourceTree = "<group>"; };
		4A036B522700E7D200451518 /* Studio.swift */ = {isa = PBXFileReference; lastKnownFileType = sourcecode.swift; path = Studio.swift; sourceTree = "<group>"; };
		4A036B542700E7F500451518 /* Reservation.swift */ = {isa = PBXFileReference; lastKnownFileType = sourcecode.swift; path = Reservation.swift; sourceTree = "<group>"; };
		4A036B5627010A8300451518 /* IdentifiableString.swift */ = {isa = PBXFileReference; lastKnownFileType = sourcecode.swift; path = IdentifiableString.swift; sourceTree = "<group>"; };
		4A036B5827010B9E00451518 /* VocalRecordingTypeView.swift */ = {isa = PBXFileReference; lastKnownFileType = sourcecode.swift; path = VocalRecordingTypeView.swift; sourceTree = "<group>"; };
		4A036B5A27010C3500451518 /* VocalRecordingType.swift */ = {isa = PBXFileReference; lastKnownFileType = sourcecode.swift; path = VocalRecordingType.swift; sourceTree = "<group>"; };
		4A036B5C27011D6D00451518 /* VocalRecordingOrderDetails.swift */ = {isa = PBXFileReference; lastKnownFileType = sourcecode.swift; path = VocalRecordingOrderDetails.swift; sourceTree = "<group>"; };
		4A036B5E2701911100451518 /* MixingDetailsView.swift */ = {isa = PBXFileReference; lastKnownFileType = sourcecode.swift; path = MixingDetailsView.swift; sourceTree = "<group>"; };
		4A036B602701917C00451518 /* MixingOrderDetails.swift */ = {isa = PBXFileReference; lastKnownFileType = sourcecode.swift; path = MixingOrderDetails.swift; sourceTree = "<group>"; };
		4A11985626FD10E80035ABD7 /* DayPickerView.swift */ = {isa = PBXFileReference; lastKnownFileType = sourcecode.swift; path = DayPickerView.swift; sourceTree = "<group>"; };
		4A11985E26FDAB030035ABD7 /* TimePickButtonStyle.swift */ = {isa = PBXFileReference; lastKnownFileType = sourcecode.swift; path = TimePickButtonStyle.swift; sourceTree = "<group>"; };
		4A11986126FDB54F0035ABD7 /* TimePickerView.swift */ = {isa = PBXFileReference; lastKnownFileType = sourcecode.swift; path = TimePickerView.swift; sourceTree = "<group>"; };
		4A167D1F26F467900046E32D /* MusicListView.swift */ = {isa = PBXFileReference; lastKnownFileType = sourcecode.swift; path = MusicListView.swift; sourceTree = "<group>"; };
		4A167D2526F4734D0046E32D /* Song.swift */ = {isa = PBXFileReference; lastKnownFileType = sourcecode.swift; path = Song.swift; sourceTree = "<group>"; };
		4A167D2826F473C80046E32D /* LinkinParkNumb.mp3 */ = {isa = PBXFileReference; lastKnownFileType = audio.mp3; path = LinkinParkNumb.mp3; sourceTree = "<group>"; };
		4A167D7A26F5C30A0046E32D /* AudioPlayerView.swift */ = {isa = PBXFileReference; lastKnownFileType = sourcecode.swift; path = AudioPlayerView.swift; sourceTree = "<group>"; };
		4A167D7C26F5C7CA0046E32D /* AudioPlayer.swift */ = {isa = PBXFileReference; lastKnownFileType = sourcecode.swift; path = AudioPlayer.swift; sourceTree = "<group>"; };
		4A2EF6F926F9ADC600A45A0A /* ArrangementDetailsView.swift */ = {isa = PBXFileReference; lastKnownFileType = sourcecode.swift; path = ArrangementDetailsView.swift; sourceTree = "<group>"; };
		4A2EF6FB26F9B37700A45A0A /* TextField+placeholder.swift */ = {isa = PBXFileReference; lastKnownFileType = sourcecode.swift; path = "TextField+placeholder.swift"; sourceTree = "<group>"; };
		4A2EF6FE26F9B66100A45A0A /* StudioTextFieldStyle.swift */ = {isa = PBXFileReference; lastKnownFileType = sourcecode.swift; path = StudioTextFieldStyle.swift; sourceTree = "<group>"; };
		4A2EF70026F9C10000A45A0A /* ArrangementOrderDetails.swift */ = {isa = PBXFileReference; lastKnownFileType = sourcecode.swift; path = ArrangementOrderDetails.swift; sourceTree = "<group>"; };
		4A3E7CED2704491B0086D578 /* StudioRepository.swift */ = {isa = PBXFileReference; lastKnownFileType = sourcecode.swift; path = StudioRepository.swift; sourceTree = "<group>"; };
		4A3E7D182704CCE60086D578 /* StudioTO.swift */ = {isa = PBXFileReference; lastKnownFileType = sourcecode.swift; path = StudioTO.swift; sourceTree = "<group>"; };
		4A3E7D1A2704CCF50086D578 /* AuthorTO.swift */ = {isa = PBXFileReference; lastKnownFileType = sourcecode.swift; path = AuthorTO.swift; sourceTree = "<group>"; };
		4A3E7D1C2704CCFE0086D578 /* ReservationTO.swift */ = {isa = PBXFileReference; lastKnownFileType = sourcecode.swift; path = ReservationTO.swift; sourceTree = "<group>"; };
		4A3E7D1E2704CD100086D578 /* StudioMapper.swift */ = {isa = PBXFileReference; lastKnownFileType = sourcecode.swift; path = StudioMapper.swift; sourceTree = "<group>"; };
		4A3E7D202704CD740086D578 /* ArrangementTO.swift */ = {isa = PBXFileReference; lastKnownFileType = sourcecode.swift; path = ArrangementTO.swift; sourceTree = "<group>"; };
		4A3E7D242704CDDC0086D578 /* SongTO.swift */ = {isa = PBXFileReference; lastKnownFileType = sourcecode.swift; path = SongTO.swift; sourceTree = "<group>"; };
		4A3E7D262704D2710086D578 /* ServerError.swift */ = {isa = PBXFileReference; lastKnownFileType = sourcecode.swift; path = ServerError.swift; sourceTree = "<group>"; };
		4A3E7D2D27060F410086D578 /* DateMapper.swift */ = {isa = PBXFileReference; lastKnownFileType = sourcecode.swift; path = DateMapper.swift; sourceTree = "<group>"; };
		4A489F6C26FA390200B428B2 /* CalendarView.swift */ = {isa = PBXFileReference; lastKnownFileType = sourcecode.swift; path = CalendarView.swift; sourceTree = "<group>"; };
		4A489F7126FA50BE00B428B2 /* Date.swift */ = {isa = PBXFileReference; lastKnownFileType = sourcecode.swift; path = Date.swift; sourceTree = "<group>"; };
		4A6A0F1E26FE626100BC9CCD /* AuthenticationView.swift */ = {isa = PBXFileReference; lastKnownFileType = sourcecode.swift; path = AuthenticationView.swift; sourceTree = "<group>"; };
		4ABE816B26F3970F00CC9C60 /* bStudio.app */ = {isa = PBXFileReference; explicitFileType = wrapper.application; includeInIndex = 0; path = bStudio.app; sourceTree = BUILT_PRODUCTS_DIR; };
		4ABE816E26F3970F00CC9C60 /* bStudioApp.swift */ = {isa = PBXFileReference; lastKnownFileType = sourcecode.swift; path = bStudioApp.swift; sourceTree = "<group>"; };
		4ABE817026F3970F00CC9C60 /* ContentView.swift */ = {isa = PBXFileReference; lastKnownFileType = sourcecode.swift; path = ContentView.swift; sourceTree = "<group>"; };
		4ABE817226F3970F00CC9C60 /* Assets.xcassets */ = {isa = PBXFileReference; lastKnownFileType = folder.assetcatalog; path = Assets.xcassets; sourceTree = "<group>"; };
		4ABE817526F3970F00CC9C60 /* Preview Assets.xcassets */ = {isa = PBXFileReference; lastKnownFileType = folder.assetcatalog; path = "Preview Assets.xcassets"; sourceTree = "<group>"; };
		4ABE817726F3970F00CC9C60 /* Info.plist */ = {isa = PBXFileReference; lastKnownFileType = text.plist.xml; path = Info.plist; sourceTree = "<group>"; };
		4ABE817D26F3979800CC9C60 /* ServiceView.swift */ = {isa = PBXFileReference; lastKnownFileType = sourcecode.swift; path = ServiceView.swift; sourceTree = "<group>"; };
		4ABE817F26F39B1400CC9C60 /* UIExtensions.swift */ = {isa = PBXFileReference; lastKnownFileType = sourcecode.swift; path = UIExtensions.swift; sourceTree = "<group>"; };
		4ABE818126F39C1B00CC9C60 /* RoundedButton.swift */ = {isa = PBXFileReference; lastKnownFileType = sourcecode.swift; path = RoundedButton.swift; sourceTree = "<group>"; };
		4ABE818326F3B0D800CC9C60 /* RadioButtonPicker.swift */ = {isa = PBXFileReference; lastKnownFileType = sourcecode.swift; path = RadioButtonPicker.swift; sourceTree = "<group>"; };
		4ABE818726F3B5F900CC9C60 /* RadioButton.swift */ = {isa = PBXFileReference; lastKnownFileType = sourcecode.swift; path = RadioButton.swift; sourceTree = "<group>"; };
		4ABE819026F3C43500CC9C60 /* NavigationBarModifier.swift */ = {isa = PBXFileReference; lastKnownFileType = sourcecode.swift; path = NavigationBarModifier.swift; sourceTree = "<group>"; };
		4ABE819226F3C60400CC9C60 /* ProvidedView.swift */ = {isa = PBXFileReference; lastKnownFileType = sourcecode.swift; path = ProvidedView.swift; sourceTree = "<group>"; };
		4ABE819426F45B0D00CC9C60 /* AuthorListView.swift */ = {isa = PBXFileReference; lastKnownFileType = sourcecode.swift; path = AuthorListView.swift; sourceTree = "<group>"; };
		4ABE819A26F45C2A00CC9C60 /* Author.swift */ = {isa = PBXFileReference; lastKnownFileType = sourcecode.swift; path = Author.swift; sourceTree = "<group>"; };
		4ABE819D26F45F6600CC9C60 /* ImageLoader.swift */ = {isa = PBXFileReference; fileEncoding = 4; lastKnownFileType = sourcecode.swift; path = ImageLoader.swift; sourceTree = "<group>"; };
		4ABE819E26F45F6600CC9C60 /* AsyncImage.swift */ = {isa = PBXFileReference; fileEncoding = 4; lastKnownFileType = sourcecode.swift; path = AsyncImage.swift; sourceTree = "<group>"; };
		4ABE81A126F4629000CC9C60 /* Arrangement.swift */ = {isa = PBXFileReference; lastKnownFileType = sourcecode.swift; path = Arrangement.swift; sourceTree = "<group>"; };
		4AC709F626FBCC8F0031A24F /* Day.swift */ = {isa = PBXFileReference; lastKnownFileType = sourcecode.swift; path = Day.swift; sourceTree = "<group>"; };
		4AC709F826FBCCD10031A24F /* CalendarViewModel.swift */ = {isa = PBXFileReference; lastKnownFileType = sourcecode.swift; path = CalendarViewModel.swift; sourceTree = "<group>"; };
		4AC709FA26FBCD000031A24F /* MonthMetadata.swift */ = {isa = PBXFileReference; lastKnownFileType = sourcecode.swift; path = MonthMetadata.swift; sourceTree = "<group>"; };
		4AC709FC26FBD8330031A24F /* Calendar.swift */ = {isa = PBXFileReference; lastKnownFileType = sourcecode.swift; path = Calendar.swift; sourceTree = "<group>"; };
/* End PBXFileReference section */

/* Begin PBXFrameworksBuildPhase section */
		4ABE816826F3970F00CC9C60 /* Frameworks */ = {
			isa = PBXFrameworksBuildPhase;
			buildActionMask = 2147483647;
			files = (
			);
			runOnlyForDeploymentPostprocessing = 0;
		};
/* End PBXFrameworksBuildPhase section */

/* Begin PBXGroup section */
		4A036B3E2700862000451518 /* Network */ = {
			isa = PBXGroup;
			children = (
				4A036B412700863B00451518 /* Models */,
				4A3E7CED2704491B0086D578 /* StudioRepository.swift */,
				4A3E7D1E2704CD100086D578 /* StudioMapper.swift */,
			);
			path = Network;
			sourceTree = "<group>";
		};
		4A036B412700863B00451518 /* Models */ = {
			isa = PBXGroup;
			children = (
				4A3E7D182704CCE60086D578 /* StudioTO.swift */,
				4A3E7D1A2704CCF50086D578 /* AuthorTO.swift */,
				4A3E7D1C2704CCFE0086D578 /* ReservationTO.swift */,
				4A3E7D202704CD740086D578 /* ArrangementTO.swift */,
				4A3E7D242704CDDC0086D578 /* SongTO.swift */,
				4A3E7D262704D2710086D578 /* ServerError.swift */,
			);
			path = Models;
			sourceTree = "<group>";
		};
		4A11986026FDB5430035ABD7 /* TimePickerView */ = {
			isa = PBXGroup;
			children = (
				4A11986126FDB54F0035ABD7 /* TimePickerView.swift */,
			);
			path = TimePickerView;
			sourceTree = "<group>";
		};
		4A167D2726F473C00046E32D /* Songs */ = {
			isa = PBXGroup;
			children = (
				4A167D2826F473C80046E32D /* LinkinParkNumb.mp3 */,
			);
			path = Songs;
			sourceTree = "<group>";
		};
		4A167D7926F5C3010046E32D /* AudioPlayer */ = {
			isa = PBXGroup;
			children = (
				4A167D7A26F5C30A0046E32D /* AudioPlayerView.swift */,
				4A167D7C26F5C7CA0046E32D /* AudioPlayer.swift */,
			);
			path = AudioPlayer;
			sourceTree = "<group>";
		};
		4A2EF6FD26F9B64400A45A0A /* Styles */ = {
			isa = PBXGroup;
			children = (
				4A2EF6FE26F9B66100A45A0A /* StudioTextFieldStyle.swift */,
				4A11985E26FDAB030035ABD7 /* TimePickButtonStyle.swift */,
			);
			path = Styles;
			sourceTree = "<group>";
		};
		4A489F6E26FA484700B428B2 /* CalendarView */ = {
			isa = PBXGroup;
			children = (
				4A489F6C26FA390200B428B2 /* CalendarView.swift */,
				4AC709F826FBCCD10031A24F /* CalendarViewModel.swift */,
				4AC709F626FBCC8F0031A24F /* Day.swift */,
				4AC709FA26FBCD000031A24F /* MonthMetadata.swift */,
			);
			path = CalendarView;
			sourceTree = "<group>";
		};
		4ABE816226F3970F00CC9C60 = {
			isa = PBXGroup;
			children = (
				4ABE816D26F3970F00CC9C60 /* bStudio */,
				4ABE816C26F3970F00CC9C60 /* Products */,
			);
			sourceTree = "<group>";
		};
		4ABE816C26F3970F00CC9C60 /* Products */ = {
			isa = PBXGroup;
			children = (
				4ABE816B26F3970F00CC9C60 /* bStudio.app */,
			);
			name = Products;
			sourceTree = "<group>";
		};
		4ABE816D26F3970F00CC9C60 /* bStudio */ = {
			isa = PBXGroup;
			children = (
				4A167D2726F473C00046E32D /* Songs */,
				4ABE818D26F3B9A000CC9C60 /* Supporting Files */,
				4A036B3E2700862000451518 /* Network */,
				4ABE818B26F3B98500CC9C60 /* Core */,
				4ABE818A26F3B96C00CC9C60 /* Views */,
				4ABE819926F45C2100CC9C60 /* Models */,
				4ABE817026F3970F00CC9C60 /* ContentView.swift */,
			);
			path = bStudio;
			sourceTree = "<group>";
		};
		4ABE817426F3970F00CC9C60 /* Preview Content */ = {
			isa = PBXGroup;
			children = (
				4ABE817526F3970F00CC9C60 /* Preview Assets.xcassets */,
			);
			path = "Preview Content";
			sourceTree = "<group>";
		};
		4ABE818926F3B60000CC9C60 /* RadioButtonPicker */ = {
			isa = PBXGroup;
			children = (
				4ABE818326F3B0D800CC9C60 /* RadioButtonPicker.swift */,
				4ABE818726F3B5F900CC9C60 /* RadioButton.swift */,
			);
			path = RadioButtonPicker;
			sourceTree = "<group>";
		};
		4ABE818A26F3B96C00CC9C60 /* Views */ = {
			isa = PBXGroup;
			children = (
				4ABE817D26F3979800CC9C60 /* ServiceView.swift */,
				4ABE819426F45B0D00CC9C60 /* AuthorListView.swift */,
				4A167D1F26F467900046E32D /* MusicListView.swift */,
				4A2EF6F926F9ADC600A45A0A /* ArrangementDetailsView.swift */,
				4A11985626FD10E80035ABD7 /* DayPickerView.swift */,
				4A6A0F1E26FE626100BC9CCD /* AuthenticationView.swift */,
				4A036B5827010B9E00451518 /* VocalRecordingTypeView.swift */,
				4A036B5E2701911100451518 /* MixingDetailsView.swift */,
			);
			path = Views;
			sourceTree = "<group>";
		};
		4ABE818B26F3B98500CC9C60 /* Core */ = {
			isa = PBXGroup;
			children = (
				4A2EF6FD26F9B64400A45A0A /* Styles */,
				4ABE818F26F3C42E00CC9C60 /* Modifiers */,
				4ABE818E26F3B9B200CC9C60 /* Extensions */,
				4ABE818C26F3B99400CC9C60 /* Views */,
				4A036B5627010A8300451518 /* IdentifiableString.swift */,
			);
			path = Core;
			sourceTree = "<group>";
		};
		4ABE818C26F3B99400CC9C60 /* Views */ = {
			isa = PBXGroup;
			children = (
				4A11986026FDB5430035ABD7 /* TimePickerView */,
				4A167D7926F5C3010046E32D /* AudioPlayer */,
				4ABE819C26F45F6600CC9C60 /* AsyncImage */,
				4ABE818926F3B60000CC9C60 /* RadioButtonPicker */,
				4A489F6E26FA484700B428B2 /* CalendarView */,
				4ABE818126F39C1B00CC9C60 /* RoundedButton.swift */,
				4ABE819226F3C60400CC9C60 /* ProvidedView.swift */,
			);
			path = Views;
			sourceTree = "<group>";
		};
		4ABE818D26F3B9A000CC9C60 /* Supporting Files */ = {
			isa = PBXGroup;
			children = (
				4ABE816E26F3970F00CC9C60 /* bStudioApp.swift */,
				4ABE817226F3970F00CC9C60 /* Assets.xcassets */,
				4ABE817726F3970F00CC9C60 /* Info.plist */,
				4ABE817426F3970F00CC9C60 /* Preview Content */,
			);
			path = "Supporting Files";
			sourceTree = "<group>";
		};
		4ABE818E26F3B9B200CC9C60 /* Extensions */ = {
			isa = PBXGroup;
			children = (
				4ABE817F26F39B1400CC9C60 /* UIExtensions.swift */,
				4A489F7126FA50BE00B428B2 /* Date.swift */,
				4AC709FC26FBD8330031A24F /* Calendar.swift */,
			);
			path = Extensions;
			sourceTree = "<group>";
		};
		4ABE818F26F3C42E00CC9C60 /* Modifiers */ = {
			isa = PBXGroup;
			children = (
				4ABE819026F3C43500CC9C60 /* NavigationBarModifier.swift */,
				4A2EF6FB26F9B37700A45A0A /* TextField+placeholder.swift */,
			);
			path = Modifiers;
			sourceTree = "<group>";
		};
		4ABE819926F45C2100CC9C60 /* Models */ = {
			isa = PBXGroup;
			children = (
				4ABE819A26F45C2A00CC9C60 /* Author.swift */,
				4ABE81A126F4629000CC9C60 /* Arrangement.swift */,
				4A167D2526F4734D0046E32D /* Song.swift */,
				4A036B4B2700900A00451518 /* Service.swift */,
				4A036B522700E7D200451518 /* Studio.swift */,
				4A036B542700E7F500451518 /* Reservation.swift */,
				4A036B5A27010C3500451518 /* VocalRecordingType.swift */,
				4A036B5C27011D6D00451518 /* VocalRecordingOrderDetails.swift */,
				4A2EF70026F9C10000A45A0A /* ArrangementOrderDetails.swift */,
				4A036B602701917C00451518 /* MixingOrderDetails.swift */,
				4A3E7D2D27060F410086D578 /* DateMapper.swift */,
			);
			path = Models;
			sourceTree = "<group>";
		};
		4ABE819C26F45F6600CC9C60 /* AsyncImage */ = {
			isa = PBXGroup;
			children = (
				4ABE819D26F45F6600CC9C60 /* ImageLoader.swift */,
				4ABE819E26F45F6600CC9C60 /* AsyncImage.swift */,
			);
			path = AsyncImage;
			sourceTree = "<group>";
		};
/* End PBXGroup section */

/* Begin PBXNativeTarget section */
		4ABE816A26F3970F00CC9C60 /* bStudio */ = {
			isa = PBXNativeTarget;
			buildConfigurationList = 4ABE817A26F3970F00CC9C60 /* Build configuration list for PBXNativeTarget "bStudio" */;
			buildPhases = (
				4ABE816726F3970F00CC9C60 /* Sources */,
				4ABE816826F3970F00CC9C60 /* Frameworks */,
				4ABE816926F3970F00CC9C60 /* Resources */,
			);
			buildRules = (
			);
			dependencies = (
			);
			name = bStudio;
			productName = bStudio;
			productReference = 4ABE816B26F3970F00CC9C60 /* bStudio.app */;
			productType = "com.apple.product-type.application";
		};
/* End PBXNativeTarget section */

/* Begin PBXProject section */
		4ABE816326F3970F00CC9C60 /* Project object */ = {
			isa = PBXProject;
			attributes = {
				LastSwiftUpdateCheck = 1250;
				LastUpgradeCheck = 1250;
				TargetAttributes = {
					4ABE816A26F3970F00CC9C60 = {
						CreatedOnToolsVersion = 12.5.1;
					};
				};
			};
			buildConfigurationList = 4ABE816626F3970F00CC9C60 /* Build configuration list for PBXProject "bStudio" */;
			compatibilityVersion = "Xcode 9.3";
			developmentRegion = en;
			hasScannedForEncodings = 0;
			knownRegions = (
				en,
				Base,
			);
			mainGroup = 4ABE816226F3970F00CC9C60;
			productRefGroup = 4ABE816C26F3970F00CC9C60 /* Products */;
			projectDirPath = "";
			projectRoot = "";
			targets = (
				4ABE816A26F3970F00CC9C60 /* bStudio */,
			);
		};
/* End PBXProject section */

/* Begin PBXResourcesBuildPhase section */
		4ABE816926F3970F00CC9C60 /* Resources */ = {
			isa = PBXResourcesBuildPhase;
			buildActionMask = 2147483647;
			files = (
				4ABE817626F3970F00CC9C60 /* Preview Assets.xcassets in Resources */,
				4A167D2926F473C80046E32D /* LinkinParkNumb.mp3 in Resources */,
				4ABE817326F3970F00CC9C60 /* Assets.xcassets in Resources */,
			);
			runOnlyForDeploymentPostprocessing = 0;
		};
/* End PBXResourcesBuildPhase section */

/* Begin PBXSourcesBuildPhase section */
		4ABE816726F3970F00CC9C60 /* Sources */ = {
			isa = PBXSourcesBuildPhase;
			buildActionMask = 2147483647;
			files = (
				4ABE817126F3970F00CC9C60 /* ContentView.swift in Sources */,
				4A036B5927010B9E00451518 /* VocalRecordingTypeView.swift in Sources */,
				4AC709FB26FBCD000031A24F /* MonthMetadata.swift in Sources */,
				4A036B552700E7F500451518 /* Reservation.swift in Sources */,
				4A2EF6FA26F9ADC600A45A0A /* ArrangementDetailsView.swift in Sources */,
				4A489F6D26FA390200B428B2 /* CalendarView.swift in Sources */,
				4ABE818226F39C1B00CC9C60 /* RoundedButton.swift in Sources */,
				4ABE819F26F45F6600CC9C60 /* ImageLoader.swift in Sources */,
				4A3E7D2E27060F410086D578 /* DateMapper.swift in Sources */,
				4A2EF70126F9C10000A45A0A /* ArrangementOrderDetails.swift in Sources */,
				4AC709F726FBCC8F0031A24F /* Day.swift in Sources */,
				4A036B4C2700900A00451518 /* Service.swift in Sources */,
				4ABE819126F3C43500CC9C60 /* NavigationBarModifier.swift in Sources */,
				4A2EF6FF26F9B66100A45A0A /* StudioTextFieldStyle.swift in Sources */,
				4A3E7D272704D2710086D578 /* ServerError.swift in Sources */,
				4A3E7D1D2704CCFE0086D578 /* ReservationTO.swift in Sources */,
				4ABE818026F39B1400CC9C60 /* UIExtensions.swift in Sources */,
				4A036B5D27011D6D00451518 /* VocalRecordingOrderDetails.swift in Sources */,
				4A036B5F2701911100451518 /* MixingDetailsView.swift in Sources */,
				4A3E7D252704CDDC0086D578 /* SongTO.swift in Sources */,
				4A489F7226FA50BE00B428B2 /* Date.swift in Sources */,
				4A11985726FD10E80035ABD7 /* DayPickerView.swift in Sources */,
				4A167D2026F467900046E32D /* MusicListView.swift in Sources */,
				4A6A0F1F26FE626100BC9CCD /* AuthenticationView.swift in Sources */,
				4ABE817E26F3979800CC9C60 /* ServiceView.swift in Sources */,
				4A3E7D1F2704CD100086D578 /* StudioMapper.swift in Sources */,
				4A2EF6FC26F9B37700A45A0A /* TextField+placeholder.swift in Sources */,
				4ABE81A226F4629000CC9C60 /* Arrangement.swift in Sources */,
				4ABE819526F45B0D00CC9C60 /* AuthorListView.swift in Sources */,
				4A3E7D192704CCE60086D578 /* StudioTO.swift in Sources */,
				4ABE819B26F45C2A00CC9C60 /* Author.swift in Sources */,
				4A036B5727010A8300451518 /* IdentifiableString.swift in Sources */,
				4ABE818426F3B0D800CC9C60 /* RadioButtonPicker.swift in Sources */,
				4A167D7D26F5C7CA0046E32D /* AudioPlayer.swift in Sources */,
				4ABE819326F3C60400CC9C60 /* ProvidedView.swift in Sources */,
				4A11985F26FDAB030035ABD7 /* TimePickButtonStyle.swift in Sources */,
				4A11986226FDB54F0035ABD7 /* TimePickerView.swift in Sources */,
				4A036B5B27010C3500451518 /* VocalRecordingType.swift in Sources */,
				4ABE816F26F3970F00CC9C60 /* bStudioApp.swift in Sources */,
				4A3E7CEE2704491B0086D578 /* StudioRepository.swift in Sources */,
				4A3E7D1B2704CCF50086D578 /* AuthorTO.swift in Sources */,
				4A3E7D212704CD740086D578 /* ArrangementTO.swift in Sources */,
				4A167D7B26F5C30A0046E32D /* AudioPlayerView.swift in Sources */,
				4A167D2626F4734D0046E32D /* Song.swift in Sources */,
				4AC709F926FBCCD10031A24F /* CalendarViewModel.swift in Sources */,
				4ABE81A026F45F6600CC9C60 /* AsyncImage.swift in Sources */,
				4ABE818826F3B5F900CC9C60 /* RadioButton.swift in Sources */,
				4A036B612701917C00451518 /* MixingOrderDetails.swift in Sources */,
				4A036B532700E7D200451518 /* Studio.swift in Sources */,
				4AC709FD26FBD8330031A24F /* Calendar.swift in Sources */,
			);
			runOnlyForDeploymentPostprocessing = 0;
		};
/* End PBXSourcesBuildPhase section */

/* Begin XCBuildConfiguration section */
		4ABE817826F3970F00CC9C60 /* Debug */ = {
			isa = XCBuildConfiguration;
			buildSettings = {
				ALWAYS_SEARCH_USER_PATHS = NO;
				CLANG_ANALYZER_NONNULL = YES;
				CLANG_ANALYZER_NUMBER_OBJECT_CONVERSION = YES_AGGRESSIVE;
				CLANG_CXX_LANGUAGE_STANDARD = "gnu++14";
				CLANG_CXX_LIBRARY = "libc++";
				CLANG_ENABLE_MODULES = YES;
				CLANG_ENABLE_OBJC_ARC = YES;
				CLANG_ENABLE_OBJC_WEAK = YES;
				CLANG_WARN_BLOCK_CAPTURE_AUTORELEASING = YES;
				CLANG_WARN_BOOL_CONVERSION = YES;
				CLANG_WARN_COMMA = YES;
				CLANG_WARN_CONSTANT_CONVERSION = YES;
				CLANG_WARN_DEPRECATED_OBJC_IMPLEMENTATIONS = YES;
				CLANG_WARN_DIRECT_OBJC_ISA_USAGE = YES_ERROR;
				CLANG_WARN_DOCUMENTATION_COMMENTS = YES;
				CLANG_WARN_EMPTY_BODY = YES;
				CLANG_WARN_ENUM_CONVERSION = YES;
				CLANG_WARN_INFINITE_RECURSION = YES;
				CLANG_WARN_INT_CONVERSION = YES;
				CLANG_WARN_NON_LITERAL_NULL_CONVERSION = YES;
				CLANG_WARN_OBJC_IMPLICIT_RETAIN_SELF = YES;
				CLANG_WARN_OBJC_LITERAL_CONVERSION = YES;
				CLANG_WARN_OBJC_ROOT_CLASS = YES_ERROR;
				CLANG_WARN_QUOTED_INCLUDE_IN_FRAMEWORK_HEADER = YES;
				CLANG_WARN_RANGE_LOOP_ANALYSIS = YES;
				CLANG_WARN_STRICT_PROTOTYPES = YES;
				CLANG_WARN_SUSPICIOUS_MOVE = YES;
				CLANG_WARN_UNGUARDED_AVAILABILITY = YES_AGGRESSIVE;
				CLANG_WARN_UNREACHABLE_CODE = YES;
				CLANG_WARN__DUPLICATE_METHOD_MATCH = YES;
				COPY_PHASE_STRIP = NO;
				DEBUG_INFORMATION_FORMAT = dwarf;
				ENABLE_STRICT_OBJC_MSGSEND = YES;
				ENABLE_TESTABILITY = YES;
				GCC_C_LANGUAGE_STANDARD = gnu11;
				GCC_DYNAMIC_NO_PIC = NO;
				GCC_NO_COMMON_BLOCKS = YES;
				GCC_OPTIMIZATION_LEVEL = 0;
				GCC_PREPROCESSOR_DEFINITIONS = (
					"DEBUG=1",
					"$(inherited)",
				);
				GCC_WARN_64_TO_32_BIT_CONVERSION = YES;
				GCC_WARN_ABOUT_RETURN_TYPE = YES_ERROR;
				GCC_WARN_UNDECLARED_SELECTOR = YES;
				GCC_WARN_UNINITIALIZED_AUTOS = YES_AGGRESSIVE;
				GCC_WARN_UNUSED_FUNCTION = YES;
				GCC_WARN_UNUSED_VARIABLE = YES;
				IPHONEOS_DEPLOYMENT_TARGET = 14.5;
				MTL_ENABLE_DEBUG_INFO = INCLUDE_SOURCE;
				MTL_FAST_MATH = YES;
				ONLY_ACTIVE_ARCH = YES;
				SDKROOT = iphoneos;
				SWIFT_ACTIVE_COMPILATION_CONDITIONS = DEBUG;
				SWIFT_OPTIMIZATION_LEVEL = "-Onone";
			};
			name = Debug;
		};
		4ABE817926F3970F00CC9C60 /* Release */ = {
			isa = XCBuildConfiguration;
			buildSettings = {
				ALWAYS_SEARCH_USER_PATHS = NO;
				CLANG_ANALYZER_NONNULL = YES;
				CLANG_ANALYZER_NUMBER_OBJECT_CONVERSION = YES_AGGRESSIVE;
				CLANG_CXX_LANGUAGE_STANDARD = "gnu++14";
				CLANG_CXX_LIBRARY = "libc++";
				CLANG_ENABLE_MODULES = YES;
				CLANG_ENABLE_OBJC_ARC = YES;
				CLANG_ENABLE_OBJC_WEAK = YES;
				CLANG_WARN_BLOCK_CAPTURE_AUTORELEASING = YES;
				CLANG_WARN_BOOL_CONVERSION = YES;
				CLANG_WARN_COMMA = YES;
				CLANG_WARN_CONSTANT_CONVERSION = YES;
				CLANG_WARN_DEPRECATED_OBJC_IMPLEMENTATIONS = YES;
				CLANG_WARN_DIRECT_OBJC_ISA_USAGE = YES_ERROR;
				CLANG_WARN_DOCUMENTATION_COMMENTS = YES;
				CLANG_WARN_EMPTY_BODY = YES;
				CLANG_WARN_ENUM_CONVERSION = YES;
				CLANG_WARN_INFINITE_RECURSION = YES;
				CLANG_WARN_INT_CONVERSION = YES;
				CLANG_WARN_NON_LITERAL_NULL_CONVERSION = YES;
				CLANG_WARN_OBJC_IMPLICIT_RETAIN_SELF = YES;
				CLANG_WARN_OBJC_LITERAL_CONVERSION = YES;
				CLANG_WARN_OBJC_ROOT_CLASS = YES_ERROR;
				CLANG_WARN_QUOTED_INCLUDE_IN_FRAMEWORK_HEADER = YES;
				CLANG_WARN_RANGE_LOOP_ANALYSIS = YES;
				CLANG_WARN_STRICT_PROTOTYPES = YES;
				CLANG_WARN_SUSPICIOUS_MOVE = YES;
				CLANG_WARN_UNGUARDED_AVAILABILITY = YES_AGGRESSIVE;
				CLANG_WARN_UNREACHABLE_CODE = YES;
				CLANG_WARN__DUPLICATE_METHOD_MATCH = YES;
				COPY_PHASE_STRIP = NO;
				DEBUG_INFORMATION_FORMAT = "dwarf-with-dsym";
				ENABLE_NS_ASSERTIONS = NO;
				ENABLE_STRICT_OBJC_MSGSEND = YES;
				GCC_C_LANGUAGE_STANDARD = gnu11;
				GCC_NO_COMMON_BLOCKS = YES;
				GCC_WARN_64_TO_32_BIT_CONVERSION = YES;
				GCC_WARN_ABOUT_RETURN_TYPE = YES_ERROR;
				GCC_WARN_UNDECLARED_SELECTOR = YES;
				GCC_WARN_UNINITIALIZED_AUTOS = YES_AGGRESSIVE;
				GCC_WARN_UNUSED_FUNCTION = YES;
				GCC_WARN_UNUSED_VARIABLE = YES;
				IPHONEOS_DEPLOYMENT_TARGET = 14.5;
				MTL_ENABLE_DEBUG_INFO = NO;
				MTL_FAST_MATH = YES;
				SDKROOT = iphoneos;
				SWIFT_COMPILATION_MODE = wholemodule;
				SWIFT_OPTIMIZATION_LEVEL = "-O";
				VALIDATE_PRODUCT = YES;
			};
			name = Release;
		};
		4ABE817B26F3970F00CC9C60 /* Debug */ = {
			isa = XCBuildConfiguration;
			buildSettings = {
				ASSETCATALOG_COMPILER_APPICON_NAME = AppIcon;
				ASSETCATALOG_COMPILER_GLOBAL_ACCENT_COLOR_NAME = AccentColor;
				CODE_SIGN_STYLE = Automatic;
				DEVELOPMENT_ASSET_PATHS = "\"bStudio/Supporting Files/Preview Content\"";
				DEVELOPMENT_TEAM = D39D28Y5QZ;
				ENABLE_PREVIEWS = YES;
				INFOPLIST_FILE = "bStudio/Supporting Files/Info.plist";
				IPHONEOS_DEPLOYMENT_TARGET = 14.0;
				LD_RUNPATH_SEARCH_PATHS = (
					"$(inherited)",
					"@executable_path/Frameworks",
				);
				PRODUCT_BUNDLE_IDENTIFIER = com.vpaveldm.bStudio;
				PRODUCT_NAME = "$(TARGET_NAME)";
				SWIFT_VERSION = 5.0;
				TARGETED_DEVICE_FAMILY = "1,2";
			};
			name = Debug;
		};
		4ABE817C26F3970F00CC9C60 /* Release */ = {
			isa = XCBuildConfiguration;
			buildSettings = {
				ASSETCATALOG_COMPILER_APPICON_NAME = AppIcon;
				ASSETCATALOG_COMPILER_GLOBAL_ACCENT_COLOR_NAME = AccentColor;
				CODE_SIGN_STYLE = Automatic;
				DEVELOPMENT_ASSET_PATHS = "\"bStudio/Supporting Files/Preview Content\"";
				DEVELOPMENT_TEAM = D39D28Y5QZ;
				ENABLE_PREVIEWS = YES;
				INFOPLIST_FILE = "bStudio/Supporting Files/Info.plist";
				IPHONEOS_DEPLOYMENT_TARGET = 14.0;
				LD_RUNPATH_SEARCH_PATHS = (
					"$(inherited)",
					"@executable_path/Frameworks",
				);
				PRODUCT_BUNDLE_IDENTIFIER = com.vpaveldm.bStudio;
				PRODUCT_NAME = "$(TARGET_NAME)";
				SWIFT_VERSION = 5.0;
				TARGETED_DEVICE_FAMILY = "1,2";
			};
			name = Release;
		};
/* End XCBuildConfiguration section */

/* Begin XCConfigurationList section */
		4ABE816626F3970F00CC9C60 /* Build configuration list for PBXProject "bStudio" */ = {
			isa = XCConfigurationList;
			buildConfigurations = (
				4ABE817826F3970F00CC9C60 /* Debug */,
				4ABE817926F3970F00CC9C60 /* Release */,
			);
			defaultConfigurationIsVisible = 0;
			defaultConfigurationName = Release;
		};
		4ABE817A26F3970F00CC9C60 /* Build configuration list for PBXNativeTarget "bStudio" */ = {
			isa = XCConfigurationList;
			buildConfigurations = (
				4ABE817B26F3970F00CC9C60 /* Debug */,
				4ABE817C26F3970F00CC9C60 /* Release */,
			);
			defaultConfigurationIsVisible = 0;
			defaultConfigurationName = Release;
		};
/* End XCConfigurationList section */
	};
	rootObject = 4ABE816326F3970F00CC9C60 /* Project object */;
}
